{
  "nodes": {
    "base16": {
      "inputs": {
        "fromYaml": "fromYaml"
      },
      "locked": {
        "lastModified": 1746562888,
        "narHash": "sha256-YgNJQyB5dQiwavdDFBMNKk1wyS77AtdgDk/VtU6wEaI=",
        "owner": "SenchoPens",
        "repo": "base16.nix",
        "rev": "806a1777a5db2a1ef9d5d6f493ef2381047f2b89",
        "type": "github"
      },
      "original": {
        "owner": "SenchoPens",
        "repo": "base16.nix",
        "type": "github"
      }
    },
    "base16-fish": {
      "flake": false,
      "locked": {
        "lastModified": 1622559957,
        "narHash": "sha256-PebymhVYbL8trDVVXxCvZgc0S5VxI7I1Hv4RMSquTpA=",
        "owner": "tomyun",
        "repo": "base16-fish",
        "rev": "2f6dd973a9075dabccd26f1cded09508180bf5fe",
        "type": "github"
      },
      "original": {
        "owner": "tomyun",
        "repo": "base16-fish",
        "type": "github"
      }
    },
    "base16-helix": {
      "flake": false,
      "locked": {
        "lastModified": 1748408240,
        "narHash": "sha256-9M2b1rMyMzJK0eusea0x3lyh3mu5nMeEDSc4RZkGm+g=",
        "owner": "tinted-theming",
        "repo": "base16-helix",
        "rev": "6c711ab1a9db6f51e2f6887cc3345530b33e152e",
        "type": "github"
      },
      "original": {
        "owner": "tinted-theming",
        "repo": "base16-helix",
        "type": "github"
      }
    },
    "base16-vim": {
      "flake": false,
      "locked": {
        "lastModified": 1732806396,
        "narHash": "sha256-e0bpPySdJf0F68Ndanwm+KWHgQiZ0s7liLhvJSWDNsA=",
        "owner": "tinted-theming",
        "repo": "base16-vim",
        "rev": "577fe8125d74ff456cf942c733a85d769afe58b7",
        "type": "github"
      },
      "original": {
        "owner": "tinted-theming",
        "repo": "base16-vim",
        "rev": "577fe8125d74ff456cf942c733a85d769afe58b7",
        "type": "github"
      }
    },
    "blocklist-hosts": {
      "flake": false,
      "locked": {
        "lastModified": 1751310429,
        "narHash": "sha256-NISp1TNEgoLn2sBglpoKfg/aiiLynNOrOWqTppkbDs0=",
        "owner": "StevenBlack",
        "repo": "hosts",
        "rev": "c33258ee5cb7526d494d08b921c865692a1beaf9",
        "type": "github"
      },
      "original": {
        "owner": "StevenBlack",
        "repo": "hosts",
        "type": "github"
      }
    },
    "eaf": {
      "flake": false,
      "locked": {
        "lastModified": 1751098970,
        "narHash": "sha256-Tc8VzTMy8Gn0aDkL8Ja0Xh3w7YGjsvJ6YikFCnTGUGw=",
        "owner": "emacs-eaf",
        "repo": "emacs-application-framework",
        "rev": "6ff4e0fd24dc014737bee502058860c56cc7d8b2",
        "type": "github"
      },
      "original": {
        "owner": "emacs-eaf",
        "repo": "emacs-application-framework",
        "type": "github"
      }
    },
    "eaf-browser": {
      "flake": false,
      "locked": {
        "lastModified": 1749850562,
        "narHash": "sha256-DsPrctB1bSGBPQLI2LsnSUtqnzWpZRrWrVZM8lS9fms=",
        "owner": "emacs-eaf",
        "repo": "eaf-browser",
        "rev": "120967319132f361a2b27f89ee54d1984aa23eaf",
        "type": "github"
      },
      "original": {
        "owner": "emacs-eaf",
        "repo": "eaf-browser",
        "type": "github"
      }
    },
    "emacs-pin-nixpkgs": {
      "locked": {
        "lastModified": 1711731143,
        "narHash": "sha256-P3rID/C2N9+emVlCr4ta0X591usRvFxqk1wON/2j+Dg=",
        "owner": "NixOS",
        "repo": "nixpkgs",
        "rev": "f72123158996b8d4449de481897d855bc47c7bf6",
        "type": "github"
      },
      "original": {
        "id": "nixpkgs",
        "rev": "f72123158996b8d4449de481897d855bc47c7bf6",
        "type": "indirect"
      }
    },
    "firefox-gnome-theme": {
      "flake": false,
      "locked": {
        "lastModified": 1748383148,
        "narHash": "sha256-pGvD/RGuuPf/4oogsfeRaeMm6ipUIznI2QSILKjKzeA=",
        "owner": "rafaelmardojai",
        "repo": "firefox-gnome-theme",
        "rev": "4eb2714fbed2b80e234312611a947d6cb7d70caf",
        "type": "github"
      },
      "original": {
        "owner": "rafaelmardojai",
        "repo": "firefox-gnome-theme",
        "type": "github"
      }
    },
    "flake-compat": {
      "locked": {
        "lastModified": 1747046372,
        "narHash": "sha256-CIVLLkVgvHYbgI2UpXvIIBJ12HWgX+fjA8Xf8PUmqCY=",
        "owner": "edolstra",
        "repo": "flake-compat",
        "rev": "9100a0f413b0c601e0533d1d94ffd501ce2e7885",
        "type": "github"
      },
      "original": {
        "owner": "edolstra",
        "repo": "flake-compat",
        "type": "github"
      }
    },
    "flake-parts": {
      "inputs": {
        "nixpkgs-lib": [
          "stylix",
          "nixpkgs"
        ]
      },
      "locked": {
        "lastModified": 1743550720,
        "narHash": "sha256-hIshGgKZCgWh6AYJpJmRgFdR3WUbkY04o82X05xqQiY=",
        "owner": "hercules-ci",
        "repo": "flake-parts",
        "rev": "c621e8422220273271f52058f618c94e405bb0f5",
        "type": "github"
      },
      "original": {
        "owner": "hercules-ci",
        "repo": "flake-parts",
        "type": "github"
      }
    },
    "fromYaml": {
      "flake": false,
      "locked": {
        "lastModified": 1731966426,
        "narHash": "sha256-lq95WydhbUTWig/JpqiB7oViTcHFP8Lv41IGtayokA8=",
        "owner": "SenchoPens",
        "repo": "fromYaml",
        "rev": "106af9e2f715e2d828df706c386a685698f3223b",
        "type": "github"
      },
      "original": {
        "owner": "SenchoPens",
        "repo": "fromYaml",
        "type": "github"
      }
    },
    "git-hooks": {
      "inputs": {
        "flake-compat": [
          "stylix",
          "flake-compat"
        ],
        "gitignore": "gitignore",
        "nixpkgs": [
          "stylix",
          "nixpkgs"
        ]
      },
      "locked": {
        "lastModified": 1747372754,
        "narHash": "sha256-2Y53NGIX2vxfie1rOW0Qb86vjRZ7ngizoo+bnXU9D9k=",
        "owner": "cachix",
        "repo": "git-hooks.nix",
        "rev": "80479b6ec16fefd9c1db3ea13aeb038c60530f46",
        "type": "github"
      },
      "original": {
        "owner": "cachix",
        "repo": "git-hooks.nix",
        "type": "github"
      }
    },
    "gitignore": {
      "inputs": {
        "nixpkgs": [
          "stylix",
          "git-hooks",
          "nixpkgs"
        ]
      },
      "locked": {
        "lastModified": 1709087332,
        "narHash": "sha256-HG2cCnktfHsKV0s4XW83gU3F57gaTljL9KNSuG6bnQs=",
        "owner": "hercules-ci",
        "repo": "gitignore.nix",
        "rev": "637db329424fd7e46cf4185293b9cc8c88c95394",
        "type": "github"
      },
      "original": {
        "owner": "hercules-ci",
        "repo": "gitignore.nix",
        "type": "github"
      }
    },
    "gnome-shell": {
      "flake": false,
      "locked": {
        "lastModified": 1744584021,
        "narHash": "sha256-0RJ4mJzf+klKF4Fuoc8VN8dpQQtZnKksFmR2jhWE1Ew=",
        "owner": "GNOME",
        "repo": "gnome-shell",
        "rev": "52c517c8f6c199a1d6f5118fae500ef69ea845ae",
        "type": "github"
      },
      "original": {
        "owner": "GNOME",
        "ref": "48.1",
        "repo": "gnome-shell",
        "type": "github"
      }
    },
    "home-manager": {
      "inputs": {
        "nixpkgs": [
          "nixpkgs"
        ]
      },
      "locked": {
        "lastModified": 1750792728,
        "narHash": "sha256-Lh3dopA8DdY+ZoaAJPrtkZOZaFEJGSYjOdAYYgOPgE4=",
        "owner": "nix-community",
        "repo": "home-manager",
        "rev": "366f00797b1efb70f2882d3da485e3c10fd3d557",
        "type": "github"
      },
      "original": {
        "owner": "nix-community",
        "ref": "release-25.05",
        "repo": "home-manager",
        "type": "github"
      }
    },
    "home-manager_2": {
      "inputs": {
        "nixpkgs": [
          "stylix",
          "nixpkgs"
        ]
      },
      "locked": {
        "lastModified": 1748737919,
        "narHash": "sha256-5kvBbLYdp+n7Ftanjcs6Nv+UO6sBhelp6MIGJ9nWmjQ=",
        "owner": "nix-community",
        "repo": "home-manager",
        "rev": "5675a9686851d9626560052a032c4e14e533c1fa",
        "type": "github"
      },
      "original": {
        "owner": "nix-community",
        "repo": "home-manager",
        "type": "github"
      }
    },
    "kdenlive-pin-nixpkgs": {
      "locked": {
        "lastModified": 1709012981,
        "narHash": "sha256-/D10ohogluwFIl5NXQxJx6ag6fuwA1KEAO8Ia5GDhhM=",
        "owner": "NixOS",
        "repo": "nixpkgs",
        "rev": "cfec6d9203a461d9d698d8a60ef003cac6d0da94",
        "type": "github"
      },
      "original": {
        "id": "nixpkgs",
        "rev": "cfec6d9203a461d9d698d8a60ef003cac6d0da94",
        "type": "indirect"
      }
    },
    "magit-file-icons": {
      "flake": false,
      "locked": {
        "lastModified": 1719595750,
        "narHash": "sha256-n/uXppejl6js/wrvEEIKmfmCh7ssbSBMMZWYrrvG1JQ=",
        "owner": "librephoenix",
        "repo": "magit-file-icons",
        "rev": "6c90eb03eb8a382110d862ec792ae50556bffd6e",
        "type": "github"
      },
      "original": {
        "owner": "librephoenix",
        "ref": "abstract-icon-getters-compat",
        "repo": "magit-file-icons",
        "type": "github"
      }
    },
    "mini-frame": {
      "flake": false,
      "locked": {
        "lastModified": 1685981796,
        "narHash": "sha256-HsGEu37oq2uuQFfE2m++VH1SwyGC89ChnmrBVFC/WME=",
        "owner": "muffinmad",
        "repo": "emacs-mini-frame",
        "rev": "f420020aa33a1b00407000addd995170a36e026e",
        "type": "github"
      },
      "original": {
        "owner": "muffinmad",
        "repo": "emacs-mini-frame",
        "type": "github"
      }
    },
    "nh": {
      "inputs": {
        "nixpkgs": [
          "nixpkgs"
        ]
      },
      "locked": {
        "lastModified": 1751031069,
        "narHash": "sha256-5TnciluG7MGHoH5abAuC8UwRVrdEu7gKcpkz/bKb9N4=",
        "owner": "nix-community",
        "repo": "nh",
        "rev": "992aa30f55d35395b129376f16809319a9b23b16",
        "type": "github"
      },
      "original": {
        "owner": "nix-community",
        "repo": "nh",
        "type": "github"
      }
    },
    "nixpkgs": {
      "locked": {
        "lastModified": 1751211869,
        "narHash": "sha256-1Cu92i1KSPbhPCKxoiVG5qnoRiKTgR5CcGSRyLpOd7Y=",
        "owner": "NixOS",
        "repo": "nixpkgs",
        "rev": "b43c397f6c213918d6cfe6e3550abfe79b5d1c51",
        "type": "github"
      },
      "original": {
        "id": "nixpkgs",
        "ref": "nixos-25.05",
        "type": "indirect"
      }
    },
    "nixpkgs-stable": {
      "locked": {
        "lastModified": 1735563628,
        "narHash": "sha256-OnSAY7XDSx7CtDoqNh8jwVwh4xNL/2HaJxGjryLWzX8=",
        "owner": "NixOS",
        "repo": "nixpkgs",
        "rev": "b134951a4c9f3c995fd7be05f3243f8ecd65d798",
        "type": "github"
      },
      "original": {
        "id": "nixpkgs",
        "ref": "nixos-24.05",
        "type": "indirect"
      }
    },
    "nixpkgs-unstable": {
      "locked": {
        "lastModified": 1751271578,
        "narHash": "sha256-P/SQmKDu06x8yv7i0s8bvnnuJYkxVGBWLWHaU+tt4YY=",
        "owner": "NixOS",
        "repo": "nixpkgs",
        "rev": "3016b4b15d13f3089db8a41ef937b13a9e33a8df",
        "type": "github"
      },
      "original": {
        "id": "nixpkgs",
        "ref": "nixos-unstable",
        "type": "indirect"
      }
    },
    "nixpkgs_2": {
      "locked": {
        "lastModified": 1744536153,
        "narHash": "sha256-awS2zRgF4uTwrOKwwiJcByDzDOdo3Q1rPZbiHQg/N38=",
        "owner": "NixOS",
        "repo": "nixpkgs",
        "rev": "18dd725c29603f582cf1900e0d25f9f1063dbf11",
        "type": "github"
      },
      "original": {
        "owner": "NixOS",
        "ref": "nixpkgs-unstable",
        "repo": "nixpkgs",
        "type": "github"
      }
    },
    "nixpkgs_3": {
      "locked": {
        "lastModified": 1748460289,
        "narHash": "sha256-7doLyJBzCllvqX4gszYtmZUToxKvMUrg45EUWaUYmBg=",
        "owner": "NixOS",
        "repo": "nixpkgs",
        "rev": "96ec055edbe5ee227f28cdbc3f1ddf1df5965102",
        "type": "github"
      },
      "original": {
        "owner": "NixOS",
        "ref": "nixos-unstable",
        "repo": "nixpkgs",
        "type": "github"
      }
    },
    "nur": {
      "inputs": {
        "flake-parts": [
          "stylix",
          "flake-parts"
        ],
        "nixpkgs": [
          "stylix",
          "nixpkgs"
        ],
        "treefmt-nix": "treefmt-nix"
      },
      "locked": {
        "lastModified": 1748730660,
        "narHash": "sha256-5LKmRYKdPuhm8j5GFe3AfrJL8dd8o57BQ34AGjJl1R0=",
        "owner": "nix-community",
        "repo": "NUR",
        "rev": "2c0bc52fe14681e9ef60e3553888c4f086e46ecb",
        "type": "github"
      },
      "original": {
        "owner": "nix-community",
        "repo": "NUR",
        "type": "github"
      }
    },
    "nvchad": {
      "flake": false,
      "locked": {
        "lastModified": 1750439787,
        "narHash": "sha256-+UcDn0rTYKlaPi0ybUhYtsdPGPqKChDIPtafjf/in8g=",
        "owner": "NvChad",
        "repo": "starter",
        "rev": "5c656910f058ecdc6753c6a4f39b64afce89a0e6",
        "type": "github"
      },
      "original": {
        "owner": "NvChad",
        "repo": "starter",
        "type": "github"
      }
    },
    "nwg-dock-hyprland-pin-nixpkgs": {
      "locked": {
        "lastModified": 1716385560,
        "narHash": "sha256-xuFXyvvrDXx5A56uo8D+YmHqsmPscsjBh279P44Z5bE=",
        "owner": "NixOS",
        "repo": "nixpkgs",
        "rev": "2098d845d76f8a21ae4fe12ed7c7df49098d3f15",
        "type": "github"
      },
      "original": {
        "id": "nixpkgs",
        "rev": "2098d845d76f8a21ae4fe12ed7c7df49098d3f15",
        "type": "indirect"
      }
    },
    "org-krita": {
      "flake": false,
      "locked": {
        "lastModified": 1713038273,
        "narHash": "sha256-ZoigcRMetn2ZY9uvcR3iLnPsf9ys2rHuUD9yv3+u7KM=",
        "owner": "librephoenix",
        "repo": "org-krita",
        "rev": "9a1d917d2ee0fb7d2403186a0e6a15e23089c9fb",
        "type": "github"
      },
      "original": {
        "owner": "librephoenix",
        "repo": "org-krita",
        "type": "github"
      }
    },
    "org-nursery": {
      "flake": false,
      "locked": {
        "lastModified": 1739594749,
        "narHash": "sha256-oGrflni+XsbENNpyahqqX/Wu+Uenc1/zxLsivPZ5SSM=",
        "owner": "chrisbarrett",
        "repo": "nursery",
        "rev": "d142559096b3e3ee288d439c59fa6a30abe1b11f",
        "type": "github"
      },
      "original": {
        "owner": "chrisbarrett",
        "repo": "nursery",
        "type": "github"
      }
    },
    "org-side-tree": {
      "flake": false,
      "locked": {
        "lastModified": 1717236106,
        "narHash": "sha256-b30Yl378DaRQl8DAsAaeyf+WYz0y7L5h0EsbBQGvdjE=",
        "owner": "localauthor",
        "repo": "org-side-tree",
        "rev": "e8da5217ce23440a62f4a46ef60e2082b6284b28",
        "type": "github"
      },
      "original": {
        "owner": "localauthor",
        "repo": "org-side-tree",
        "type": "github"
      }
    },
    "org-sliced-images": {
      "flake": false,
      "locked": {
        "lastModified": 1744146864,
        "narHash": "sha256-PDrCY/mhDJcilwoZ5xxw59EpLp7Psvqee8WTk+srtr4=",
        "owner": "jcfk",
        "repo": "org-sliced-images",
        "rev": "cbe25ca63bb4c3979396834f279308cf87923f71",
        "type": "github"
      },
      "original": {
        "owner": "jcfk",
        "repo": "org-sliced-images",
        "type": "github"
      }
    },
    "org-timeblock": {
      "flake": false,
      "locked": {
        "lastModified": 1730016337,
        "narHash": "sha256-NOc45zpfvia61YpLiggP/YgJeLttNAd/Cdeh1CfxGdw=",
        "owner": "ichernyshovvv",
        "repo": "org-timeblock",
        "rev": "e61e5734b49f933ed178029f804a0499f3308e1e",
        "type": "github"
      },
      "original": {
        "owner": "ichernyshovvv",
        "repo": "org-timeblock",
        "type": "github"
      }
    },
    "org-xournalpp": {
      "flake": false,
      "locked": {
        "lastModified": 1625233179,
        "narHash": "sha256-c0AYWMkBb7wdl7SWTffjWSXwXbq1PGov2vT8A1pdqpQ=",
        "owner": "vherrmann",
        "repo": "org-xournalpp",
        "rev": "c09bd8b99d36c355d632b85ecbffb3b275802381",
        "type": "gitlab"
      },
      "original": {
        "owner": "vherrmann",
        "repo": "org-xournalpp",
        "type": "gitlab"
      }
    },
    "org-yaap": {
      "flake": false,
      "locked": {
        "lastModified": 1711640914,
        "narHash": "sha256-eWoRaE10QPOPeE0TnHBn3o+Hz6fX0yDZnfrqVlj1De8=",
        "owner": "tygrdev",
        "repo": "org-yaap",
        "rev": "fcf675382d914f369591052ddb8440cfc714ce74",
        "type": "gitlab"
      },
      "original": {
        "owner": "tygrdev",
        "repo": "org-yaap",
        "type": "gitlab"
      }
    },
    "phscroll": {
      "flake": false,
      "locked": {
        "lastModified": 1697087101,
        "narHash": "sha256-LklBCgDYnC1SF2MD5LDI/CoQVSWlmrG83JGa155z4DI=",
        "owner": "misohena",
        "repo": "phscroll",
        "rev": "582abedb4cf6aba216cdb5fe7217d612a1d68d5a",
        "type": "github"
      },
      "original": {
        "owner": "misohena",
        "repo": "phscroll",
        "type": "github"
      }
    },
    "root": {
      "inputs": {
        "blocklist-hosts": "blocklist-hosts",
        "eaf": "eaf",
        "eaf-browser": "eaf-browser",
        "emacs-pin-nixpkgs": "emacs-pin-nixpkgs",
        "home-manager": "home-manager",
        "kdenlive-pin-nixpkgs": "kdenlive-pin-nixpkgs",
        "magit-file-icons": "magit-file-icons",
        "mini-frame": "mini-frame",
        "nh": "nh",
        "nixpkgs": "nixpkgs",
        "nixpkgs-stable": "nixpkgs-stable",
        "nixpkgs-unstable": "nixpkgs-unstable",
        "nvchad": "nvchad",
        "nwg-dock-hyprland-pin-nixpkgs": "nwg-dock-hyprland-pin-nixpkgs",
        "org-krita": "org-krita",
        "org-nursery": "org-nursery",
        "org-side-tree": "org-side-tree",
        "org-sliced-images": "org-sliced-images",
        "org-timeblock": "org-timeblock",
        "org-xournalpp": "org-xournalpp",
        "org-yaap": "org-yaap",
        "phscroll": "phscroll",
        "rust-overlay": "rust-overlay",
        "stylix": "stylix"
      }
    },
    "rust-overlay": {
      "inputs": {
        "nixpkgs": "nixpkgs_2"
      },
      "locked": {
        "lastModified": 1751338093,
        "narHash": "sha256-/yd9nPcTfUZPFtwjRbdB5yGLdt3LTPqz6Ja63Joiahs=",
        "owner": "oxalica",
        "repo": "rust-overlay",
        "rev": "6cfb7821732dac2d3e2dea857a5613d3b856c20c",
        "type": "github"
      },
      "original": {
        "owner": "oxalica",
        "repo": "rust-overlay",
        "type": "github"
      }
    },
    "stylix": {
      "inputs": {
        "base16": "base16",
        "base16-fish": "base16-fish",
        "base16-helix": "base16-helix",
        "base16-vim": "base16-vim",
        "firefox-gnome-theme": "firefox-gnome-theme",
        "flake-compat": "flake-compat",
        "flake-parts": "flake-parts",
        "git-hooks": "git-hooks",
        "gnome-shell": "gnome-shell",
        "home-manager": "home-manager_2",
        "nixpkgs": "nixpkgs_3",
        "nur": "nur",
        "systems": "systems",
        "tinted-foot": "tinted-foot",
        "tinted-kitty": "tinted-kitty",
        "tinted-schemes": "tinted-schemes",
        "tinted-tmux": "tinted-tmux",
        "tinted-zed": "tinted-zed"
      },
      "locked": {
        "lastModified": 1751296480,
        "narHash": "sha256-PMuzVs9khM7cYrjUCXQeV2OP6WVtbsmdZwa4Cc21y0o=",
        "owner": "danth",
        "repo": "stylix",
        "rev": "4ead8043f70cc3b951e704a1f6e40c8a10230e61",
        "type": "github"
      },
      "original": {
        "owner": "danth",
        "repo": "stylix",
        "type": "github"
      }
    },
    "systems": {
      "locked": {
        "lastModified": 1681028828,
        "narHash": "sha256-Vy1rq5AaRuLzOxct8nz4T6wlgyUR7zLU309k9mBC768=",
        "owner": "nix-systems",
        "repo": "default",
        "rev": "da67096a3b9bf56a91d16901293e51ba5b49a27e",
        "type": "github"
      },
      "original": {
        "owner": "nix-systems",
        "repo": "default",
        "type": "github"
      }
    },
    "tinted-foot": {
      "flake": false,
      "locked": {
        "lastModified": 1726913040,
        "narHash": "sha256-+eDZPkw7efMNUf3/Pv0EmsidqdwNJ1TaOum6k7lngDQ=",
        "owner": "tinted-theming",
        "repo": "tinted-foot",
        "rev": "fd1b924b6c45c3e4465e8a849e67ea82933fcbe4",
        "type": "github"
      },
      "original": {
        "owner": "tinted-theming",
        "repo": "tinted-foot",
        "rev": "fd1b924b6c45c3e4465e8a849e67ea82933fcbe4",
        "type": "github"
      }
    },
    "tinted-kitty": {
      "flake": false,
      "locked": {
        "lastModified": 1735730497,
        "narHash": "sha256-4KtB+FiUzIeK/4aHCKce3V9HwRvYaxX+F1edUrfgzb8=",
        "owner": "tinted-theming",
        "repo": "tinted-kitty",
        "rev": "de6f888497f2c6b2279361bfc790f164bfd0f3fa",
        "type": "github"
      },
      "original": {
        "owner": "tinted-theming",
        "repo": "tinted-kitty",
        "type": "github"
      }
    },
    "tinted-schemes": {
      "flake": false,
      "locked": {
        "lastModified": 1748180480,
        "narHash": "sha256-7n0XiZiEHl2zRhDwZd/g+p38xwEoWtT0/aESwTMXWG4=",
        "owner": "tinted-theming",
        "repo": "schemes",
        "rev": "87d652edd26f5c0c99deda5ae13dfb8ece2ffe31",
        "type": "github"
      },
      "original": {
        "owner": "tinted-theming",
        "repo": "schemes",
        "type": "github"
      }
    },
    "tinted-tmux": {
      "flake": false,
      "locked": {
        "lastModified": 1748740859,
        "narHash": "sha256-OEM12bg7F4N5WjZOcV7FHJbqRI6jtCqL6u8FtPrlZz4=",
        "owner": "tinted-theming",
        "repo": "tinted-tmux",
        "rev": "57d5f9683ff9a3b590643beeaf0364da819aedda",
        "type": "github"
      },
      "original": {
        "owner": "tinted-theming",
        "repo": "tinted-tmux",
        "type": "github"
      }
    },
    "tinted-zed": {
      "flake": false,
      "locked": {
        "lastModified": 1725758778,
        "narHash": "sha256-8P1b6mJWyYcu36WRlSVbuj575QWIFZALZMTg5ID/sM4=",
        "owner": "tinted-theming",
        "repo": "base16-zed",
        "rev": "122c9e5c0e6f27211361a04fae92df97940eccf9",
        "type": "github"
      },
      "original": {
        "owner": "tinted-theming",
        "repo": "base16-zed",
        "type": "github"
      }
    },
    "treefmt-nix": {
      "inputs": {
        "nixpkgs": [
          "stylix",
          "nur",
          "nixpkgs"
        ]
      },
      "locked": {
        "lastModified": 1733222881,
        "narHash": "sha256-JIPcz1PrpXUCbaccEnrcUS8jjEb/1vJbZz5KkobyFdM=",
        "owner": "numtide",
        "repo": "treefmt-nix",
        "rev": "49717b5af6f80172275d47a418c9719a31a78b53",
        "type": "github"
      },
      "original": {
        "owner": "numtide",
        "repo": "treefmt-nix",
        "type": "github"
      }
    }
  },
  "root": "root",
  "version": 7
}
